
Microsoft Visual Studio Solution File, Format Version 11.00
# Visual Studio 2010
Project("{2150E333-8FDC-42A3-9474-1A3956D46DE8}") = "Tutor", "Tutor", "{35976FE9-82F6-430E-B612-F498729B3818}"
EndProject
Project("{2150E333-8FDC-42A3-9474-1A3956D46DE8}") = "UserInterface", "UserInterface", "{03028B26-839F-4B9F-A584-2B0C285CFF84}"
EndProject
Project("{FAE04EC0-301F-11D3-BF4B-00C04F79EFBC}") = "AsmTutorUI", "Tutor\Tutor\AsmTutorUI.csproj", "{9C173378-2C58-4A73-8EBB-770F2B5C3898}"
EndProject
Project("{2150E333-8FDC-42A3-9474-1A3956D46DE8}") = "Levels", "Levels", "{90F23556-ED98-4ACC-B2A2-4CC20B7E861C}"
EndProject
Project("{FAE04EC0-301F-11D3-BF4B-00C04F79EFBC}") = "AsmTutorLoadableLevel", "Tutor\AsmTutorLoadableLevel\AsmTutorLoadableLevel.csproj", "{B7B8AD2B-39A9-4D74-A720-0939554CAEBC}"
EndProject
Project("{2150E333-8FDC-42A3-9474-1A3956D46DE8}") = "TutorLevels", "TutorLevels", "{7230F76C-4912-45FB-A002-63C4605EF1CE}"
EndProject
Project("{FAE04EC0-301F-11D3-BF4B-00C04F79EFBC}") = "Level1", "TutorLevels\Level1\Level1.csproj", "{A607649C-7F2C-4067-8B0B-F532FE496CB3}"
EndProject
Global
	GlobalSection(SolutionConfigurationPlatforms) = preSolution
		Debug|Any CPU = Debug|Any CPU
		Release|Any CPU = Release|Any CPU
	EndGlobalSection
	GlobalSection(ProjectConfigurationPlatforms) = postSolution
		{9C173378-2C58-4A73-8EBB-770F2B5C3898}.Debug|Any CPU.ActiveCfg = Debug|Any CPU
		{9C173378-2C58-4A73-8EBB-770F2B5C3898}.Debug|Any CPU.Build.0 = Debug|Any CPU
		{9C173378-2C58-4A73-8EBB-770F2B5C3898}.Release|Any CPU.ActiveCfg = Release|Any CPU
		{9C173378-2C58-4A73-8EBB-770F2B5C3898}.Release|Any CPU.Build.0 = Release|Any CPU
		{A607649C-7F2C-4067-8B0B-F532FE496CB3}.Debug|Any CPU.ActiveCfg = Debug|Any CPU
		{A607649C-7F2C-4067-8B0B-F532FE496CB3}.Debug|Any CPU.Build.0 = Debug|Any CPU
		{A607649C-7F2C-4067-8B0B-F532FE496CB3}.Release|Any CPU.ActiveCfg = Release|Any CPU
		{A607649C-7F2C-4067-8B0B-F532FE496CB3}.Release|Any CPU.Build.0 = Release|Any CPU
		{B7B8AD2B-39A9-4D74-A720-0939554CAEBC}.Debug|Any CPU.ActiveCfg = Debug|Any CPU
		{B7B8AD2B-39A9-4D74-A720-0939554CAEBC}.Debug|Any CPU.Build.0 = Debug|Any CPU
		{B7B8AD2B-39A9-4D74-A720-0939554CAEBC}.Release|Any CPU.ActiveCfg = Release|Any CPU
		{B7B8AD2B-39A9-4D74-A720-0939554CAEBC}.Release|Any CPU.Build.0 = Release|Any CPU
	EndGlobalSection
	GlobalSection(NestedProjects) = preSolution
		{03028B26-839F-4B9F-A584-2B0C285CFF84} = {35976FE9-82F6-430E-B612-F498729B3818}
		{90F23556-ED98-4ACC-B2A2-4CC20B7E861C} = {35976FE9-82F6-430E-B612-F498729B3818}
		{9C173378-2C58-4A73-8EBB-770F2B5C3898} = {03028B26-839F-4B9F-A584-2B0C285CFF84}
		{B7B8AD2B-39A9-4D74-A720-0939554CAEBC} = {90F23556-ED98-4ACC-B2A2-4CC20B7E861C}
		{A607649C-7F2C-4067-8B0B-F532FE496CB3} = {7230F76C-4912-45FB-A002-63C4605EF1CE}
	EndGlobalSection
	GlobalSection(MonoDevelopProperties) = preSolution
		StartupItem = Tutor\Tutor\AsmTutorUI.csproj
		Policies = $0
		$0.DotNetNamingPolicy = $1
		$1.DirectoryNamespaceAssociation = None
		$1.ResourceNamePolicy = FileFormatDefault
	EndGlobalSection
EndGlobal
